<?xml version="1.0" encoding="utf-8"?>
<Project ToolsVersion="4.0" xmlns="http://schemas.microsoft.com/developer/msbuild/2003">
  <ItemGroup>
    <Filter Include="Source Files">
      <UniqueIdentifier>{4FC737F1-C7A5-4376-A066-2A32D752A2FF}</UniqueIdentifier>
      <Extensions>cpp;c;cc;cxx;def;odl;idl;hpj;bat;asm;asmx</Extensions>
    </Filter>
    <Filter Include="Header Files">
      <UniqueIdentifier>{93995380-89BD-4b04-88EB-625FBE52EBFB}</UniqueIdentifier>
      <Extensions>h;hh;hpp;hxx;hm;inl;inc;xsd</Extensions>
    </Filter>
    <Filter Include="Resource Files">
      <UniqueIdentifier>{67DA6AB6-F800-4c08-8B7A-83BB121AAD01}</UniqueIdentifier>
      <Extensions>rc;ico;cur;bmp;dlg;rc2;rct;bin;rgs;gif;jpg;jpeg;jpe;resx;tiff;tif;png;wav;mfcribbon-ms</Extensions>
    </Filter>
    <Filter Include="Header Files\SDK">
      <UniqueIdentifier>{4f6155c8-4e24-4acd-a9fb-4354a604a5e9}</UniqueIdentifier>
    </Filter>
    <Filter Include="Header Files\imgui">
      <UniqueIdentifier>{0cdc218e-20f6-475b-a26d-d6d4a6ab5668}</UniqueIdentifier>
    </Filter>
  </ItemGroup>
  <ItemGroup>
    <ClCompile Include="imgui\imgui.cpp">
      <Filter>Header Files\imgui</Filter>
    </ClCompile>
    <ClCompile Include="imgui\imgui_color_picker.cpp">
      <Filter>Header Files\imgui</Filter>
    </ClCompile>
    <ClCompile Include="imgui\imgui_demo.cpp">
      <Filter>Header Files\imgui</Filter>
    </ClCompile>
    <ClCompile Include="imgui\imgui_draw.cpp">
      <Filter>Header Files\imgui</Filter>
    </ClCompile>
    <ClCompile Include="imgui\imgui_impl_dx9.cpp">
      <Filter>Header Files\imgui</Filter>
    </ClCompile>
    <ClCompile Include="Airstuck.cpp">
      <Filter>Source Files</Filter>
    </ClCompile>
  </ItemGroup>
  <ItemGroup>
    <ClInclude Include="SDK\CBaseClientState.h">
      <Filter>Header Files\SDK</Filter>
    </ClInclude>
    <ClInclude Include="SDK\CCSGameRules.h">
      <Filter>Header Files\SDK</Filter>
    </ClInclude>
    <ClInclude Include="SDK\CEffects.h">
      <Filter>Header Files\SDK</Filter>
    </ClInclude>
    <ClInclude Include="SDK\CGameServer.h">
      <Filter>Header Files\SDK</Filter>
    </ClInclude>
    <ClInclude Include="SDK\CGlobalVars.h">
      <Filter>Header Files\SDK</Filter>
    </ClInclude>
    <ClInclude Include="SDK\CGlowObjectManager.h">
      <Filter>Header Files\SDK</Filter>
    </ClInclude>
    <ClInclude Include="SDK\checksum_md5.h">
      <Filter>Header Files\SDK</Filter>
    </ClInclude>
    <ClInclude Include="SDK\CInput.h">
      <Filter>Header Files\SDK</Filter>
    </ClInclude>
    <ClInclude Include="SDK\color.h">
      <Filter>Header Files\SDK</Filter>
    </ClInclude>
    <ClInclude Include="SDK\common.h">
      <Filter>Header Files\SDK</Filter>
    </ClInclude>
    <ClInclude Include="SDK\CPlayerResource.h">
      <Filter>Header Files\SDK</Filter>
    </ClInclude>
    <ClInclude Include="SDK\CUtlMemory.h">
      <Filter>Header Files\SDK</Filter>
    </ClInclude>
    <ClInclude Include="SDK\CUtlVector.h">
      <Filter>Header Files\SDK</Filter>
    </ClInclude>
    <ClInclude Include="SDK\CViewRender.h">
      <Filter>Header Files\SDK</Filter>
    </ClInclude>
    <ClInclude Include="SDK\definitions.h">
      <Filter>Header Files\SDK</Filter>
    </ClInclude>
    <ClInclude Include="SDK\IAppSystem.h">
      <Filter>Header Files\SDK</Filter>
    </ClInclude>
    <ClInclude Include="SDK\IBaseClientDLL.h">
      <Filter>Header Files\SDK</Filter>
    </ClInclude>
    <ClInclude Include="SDK\IClientEntity.h">
      <Filter>Header Files\SDK</Filter>
    </ClInclude>
    <ClInclude Include="SDK\IClientEntityList.h">
      <Filter>Header Files\SDK</Filter>
    </ClInclude>
    <ClInclude Include="SDK\IClientMode.h">
      <Filter>Header Files\SDK</Filter>
    </ClInclude>
    <ClInclude Include="SDK\ICommandLine.h">
      <Filter>Header Files\SDK</Filter>
    </ClInclude>
    <ClInclude Include="SDK\ICvar.h">
      <Filter>Header Files\SDK</Filter>
    </ClInclude>
    <ClInclude Include="SDK\IEngineClient.h">
      <Filter>Header Files\SDK</Filter>
    </ClInclude>
    <ClInclude Include="SDK\IEngineSound.h">
      <Filter>Header Files\SDK</Filter>
    </ClInclude>
    <ClInclude Include="SDK\IEngineTrace.h">
      <Filter>Header Files\SDK</Filter>
    </ClInclude>
    <ClInclude Include="SDK\IEngineVGui.h">
      <Filter>Header Files\SDK</Filter>
    </ClInclude>
    <ClInclude Include="SDK\IGameEvent.h">
      <Filter>Header Files\SDK</Filter>
    </ClInclude>
    <ClInclude Include="SDK\IGameMovement.h">
      <Filter>Header Files\SDK</Filter>
    </ClInclude>
    <ClInclude Include="SDK\IInputSystem.h">
      <Filter>Header Files\SDK</Filter>
    </ClInclude>
    <ClInclude Include="SDK\ILauncherMgr.h">
      <Filter>Header Files\SDK</Filter>
    </ClInclude>
    <ClInclude Include="SDK\ILocalize.h">
      <Filter>Header Files\SDK</Filter>
    </ClInclude>
    <ClInclude Include="SDK\IMaterial.h">
      <Filter>Header Files\SDK</Filter>
    </ClInclude>
    <ClInclude Include="SDK\IMaterialSystem.h">
      <Filter>Header Files\SDK</Filter>
    </ClInclude>
    <ClInclude Include="SDK\IPhysicsSurfaceProps.h">
      <Filter>Header Files\SDK</Filter>
    </ClInclude>
    <ClInclude Include="SDK\IPrediction.h">
      <Filter>Header Files\SDK</Filter>
    </ClInclude>
    <ClInclude Include="SDK\ISurface.h">
      <Filter>Header Files\SDK</Filter>
    </ClInclude>
    <ClInclude Include="SDK\IVDebugOverlay.h">
      <Filter>Header Files\SDK</Filter>
    </ClInclude>
    <ClInclude Include="SDK\IVModelInfo.h">
      <Filter>Header Files\SDK</Filter>
    </ClInclude>
    <ClInclude Include="SDK\IVModelRender.h">
      <Filter>Header Files\SDK</Filter>
    </ClInclude>
    <ClInclude Include="SDK\IVPanel.h">
      <Filter>Header Files\SDK</Filter>
    </ClInclude>
    <ClInclude Include="SDK\KeyValues.h">
      <Filter>Header Files\SDK</Filter>
    </ClInclude>
    <ClInclude Include="SDK\SDK.h">
      <Filter>Header Files\SDK</Filter>
    </ClInclude>
    <ClInclude Include="SDK\vector.h">
      <Filter>Header Files\SDK</Filter>
    </ClInclude>
    <ClInclude Include="imgui\imconfig.h">
      <Filter>Header Files\imgui</Filter>
    </ClInclude>
    <ClInclude Include="imgui\imgui.h">
      <Filter>Header Files\imgui</Filter>
    </ClInclude>
    <ClInclude Include="imgui\imgui_color_picker.h">
      <Filter>Header Files\imgui</Filter>
    </ClInclude>
    <ClInclude Include="imgui\imgui_impl_dx9.h">
      <Filter>Header Files\imgui</Filter>
    </ClInclude>
    <ClInclude Include="imgui\imgui_internal.h">
      <Filter>Header Files\imgui</Filter>
    </ClInclude>
    <ClInclude Include="imgui\stb_rect_pack.h">
      <Filter>Header Files\imgui</Filter>
    </ClInclude>
    <ClInclude Include="imgui\stb_textedit.h">
      <Filter>Header Files\imgui</Filter>
    </ClInclude>
    <ClInclude Include="imgui\stb_truetype.h">
      <Filter>Header Files\imgui</Filter>
    </ClInclude>
    <ClInclude Include="Airstuck.h">
      <Filter>Header Files</Filter>
    </ClInclude>
  </ItemGroup>
</Project>